# This file is automatically @generated by Cargo.
# It is not intended for manual editing.
version = 4

[[package]]
name = "forja"
version = "0.0.0"

[[package]]
name = "forja-core"
version = "0.0.0"

[[package]]
name = "forja-cpu"
version = "0.0.0"

[[package]]
name = "forja-host"
version = "0.0.0"

[[package]]
name = "forja-metal"
version = "0.0.0"

[[package]]
name = "forja-sdk"
version = "0.0.0"

[[package]]
name = "test-guests"
version = "0.0.0"
